PODS:
  - Expecta (0.3.0)
  - iwin-backbone (0.1.0)
  - Specta (0.2.1)

DEPENDENCIES:
  - Expecta
  - iwin-backbone (from `../`)
  - Specta (~> 0.2.1)

EXTERNAL SOURCES:
  iwin-backbone:
    :path: ../

SPEC CHECKSUMS:
  Expecta: ce8a51b9fad15a2cd573b291cb2909aaed865350
  iwin-backbone: bd41e88b60895ea6035ec1f5cc14a56307b64fb1
  Specta: 9141310f46b1f68b676650ff2854e1ed0b74163a

COCOAPODS: 0.33.1
